
Microsoft Visual Studio Solution File, Format Version 12.00
# Visual Studio 2013
VisualStudioVersion = 12.0.21005.1
MinimumVisualStudioVersion = 10.0.40219.1
Project("{FAE04EC0-301F-11D3-BF4B-00C04F79EFBC}") = "MyTest", "MyTest\MyTest.csproj", "{9F3F0182-9817-4A06-ADB5-A88F0D476CAE}"
EndProject
Project("{FAE04EC0-301F-11D3-BF4B-00C04F79EFBC}") = "Business", "Business\Business.csproj", "{B7E8FA76-F0AA-487B-A217-1BCD84185224}"
EndProject
Project("{FAE04EC0-301F-11D3-BF4B-00C04F79EFBC}") = "DAL", "DAL\DAL.csproj", "{2A858F58-85CC-43A8-A85F-BE017F107D7F}"
EndProject
Project("{FAE04EC0-301F-11D3-BF4B-00C04F79EFBC}") = "Model", "Model\Model.csproj", "{4B084688-9FCB-45CF-BE49-A09BD2E5EA77}"
EndProject
Global
	GlobalSection(SolutionConfigurationPlatforms) = preSolution
		Debug|Any CPU = Debug|Any CPU
		Release|Any CPU = Release|Any CPU
	EndGlobalSection
	GlobalSection(ProjectConfigurationPlatforms) = postSolution
		{9F3F0182-9817-4A06-ADB5-A88F0D476CAE}.Debug|Any CPU.ActiveCfg = Debug|Any CPU
		{9F3F0182-9817-4A06-ADB5-A88F0D476CAE}.Debug|Any CPU.Build.0 = Debug|Any CPU
		{9F3F0182-9817-4A06-ADB5-A88F0D476CAE}.Release|Any CPU.ActiveCfg = Release|Any CPU
		{9F3F0182-9817-4A06-ADB5-A88F0D476CAE}.Release|Any CPU.Build.0 = Release|Any CPU
		{B7E8FA76-F0AA-487B-A217-1BCD84185224}.Debug|Any CPU.ActiveCfg = Debug|Any CPU
		{B7E8FA76-F0AA-487B-A217-1BCD84185224}.Debug|Any CPU.Build.0 = Debug|Any CPU
		{B7E8FA76-F0AA-487B-A217-1BCD84185224}.Release|Any CPU.ActiveCfg = Release|Any CPU
		{B7E8FA76-F0AA-487B-A217-1BCD84185224}.Release|Any CPU.Build.0 = Release|Any CPU
		{2A858F58-85CC-43A8-A85F-BE017F107D7F}.Debug|Any CPU.ActiveCfg = Debug|Any CPU
		{2A858F58-85CC-43A8-A85F-BE017F107D7F}.Debug|Any CPU.Build.0 = Debug|Any CPU
		{2A858F58-85CC-43A8-A85F-BE017F107D7F}.Release|Any CPU.ActiveCfg = Release|Any CPU
		{2A858F58-85CC-43A8-A85F-BE017F107D7F}.Release|Any CPU.Build.0 = Release|Any CPU
		{4B084688-9FCB-45CF-BE49-A09BD2E5EA77}.Debug|Any CPU.ActiveCfg = Debug|Any CPU
		{4B084688-9FCB-45CF-BE49-A09BD2E5EA77}.Debug|Any CPU.Build.0 = Debug|Any CPU
		{4B084688-9FCB-45CF-BE49-A09BD2E5EA77}.Release|Any CPU.ActiveCfg = Release|Any CPU
		{4B084688-9FCB-45CF-BE49-A09BD2E5EA77}.Release|Any CPU.Build.0 = Release|Any CPU
	EndGlobalSection
	GlobalSection(SolutionProperties) = preSolution
		HideSolutionNode = FALSE
	EndGlobalSection
EndGlobal
